# This file is automatically @generated by Cargo.
# It is not intended for manual editing.
version = 4

[[package]]
name = "core"
version = "0.1.0"

[[package]]
name = "mem"
version = "0.1.0"

[[package]]
name = "num"
version = "0.1.0"

[[package]]
name = "stdlib"
version = "0.1.0"

[[package]]
name = "sync"
version = "0.1.0"
