# This file is automatically @generated by Cargo.
# It is not intended for manual editing.
version = 4

[[package]]
name = "b3-core"
version = "0.1.0"

[[package]]
name = "b3-data"
version = "0.1.0"

[[package]]
name = "b3-finance"
version = "0.1.0"

[[package]]
name = "b3-math"
version = "0.1.0"
dependencies = [
 "b3-core",
]

[[package]]
name = "b3-quantity"
version = "0.1.0"
dependencies = [
 "b3-core",
 "b3-math",
]

[[package]]
name = "b3-render"
version = "0.1.0"
dependencies = [
 "b3-core",
 "b3-math",
]

[[package]]
name = "b3-runtime"
version = "0.1.0"

[[package]]
name = "b3-stdlib"
version = "0.1.0"

[[package]]
name = "b3-time"
version = "0.1.0"
dependencies = [
 "b3-core",
 "b3-math",
]
